
Microsoft Visual Studio Solution File, Format Version 12.00
# Visual Studio Version 16
VisualStudioVersion = 16.0.30907.101
MinimumVisualStudioVersion = 10.0.40219.1
Project("{FAE04EC0-301F-11D3-BF4B-00C04F79EFBC}") = "CSharpAsynchronousProgramming", "CSharpAsynchronousProgramming\CSharpAsynchronousProgramming.csproj", "{162AE677-A329-4D2A-B320-C3D34597A127}"
EndProject
Global
	GlobalSection(SolutionConfigurationPlatforms) = preSolution
		Debug|Any CPU = Debug|Any CPU
		Release|Any CPU = Release|Any CPU
	EndGlobalSection
	GlobalSection(ProjectConfigurationPlatforms) = postSolution
		{162AE677-A329-4D2A-B320-C3D34597A127}.Debug|Any CPU.ActiveCfg = Debug|Any CPU
		{162AE677-A329-4D2A-B320-C3D34597A127}.Debug|Any CPU.Build.0 = Debug|Any CPU
		{162AE677-A329-4D2A-B320-C3D34597A127}.Release|Any CPU.ActiveCfg = Release|Any CPU
		{162AE677-A329-4D2A-B320-C3D34597A127}.Release|Any CPU.Build.0 = Release|Any CPU
	EndGlobalSection
	GlobalSection(SolutionProperties) = preSolution
		HideSolutionNode = FALSE
	EndGlobalSection
	GlobalSection(ExtensibilityGlobals) = postSolution
		SolutionGuid = {27428009-03ED-445D-A177-52290E65C9DA}
	EndGlobalSection
EndGlobal
